lockfile_version: '1'
generated_at: '2026-09-18T15:55:04.002030+00:00'
apm_version: 0.28.0
dependencies:
- repo_url: francesco-kruk/clew-skills
  name: clew-development
  host: github.com
  resolved_commit: 5ed0f288a6c5c0c0f891939385ddf38fa5b32504
  resolved_ref: 5ed0f288a6c5c0c0f891939385ddf38fa5b32504
  version: 1.0.0
  virtual_path: packages/development
  is_virtual: true
  package_type: apm_package
  content_hash: sha256:452865a59e73c0a7d45b2508f6cc3aa6271593396595ba97ae3e6c8da5e98554
  declared_license: MIT
- repo_url: francesco-kruk/clew-skills
  name: content-ingest
  host: github.com
  resolved_commit: 5ed0f288a6c5c0c0f891939385ddf38fa5b32504
  resolved_ref: 5ed0f288a6c5c0c0f891939385ddf38fa5b32504
  version: 1.0.0
  virtual_path: skills/content-ingest
  is_virtual: true
  package_type: hybrid
  deployed_files:
  - .agents/skills/content-ingest
  - .agents/skills/content-ingest/.gitignore
  - .agents/skills/content-ingest/LICENSE
  - .agents/skills/content-ingest/SKILL.md
  - .agents/skills/content-ingest/apm.yml
  - .agents/skills/content-ingest/evals/scenarios.md
  - .agents/skills/content-ingest/references/provenance.md
  - .agents/skills/content-ingest/references/publishing.md
  - .agents/skills/content-ingest/references/runtime.md
  - .agents/skills/content-ingest/requirements.txt
  - .agents/skills/content-ingest/scripts/clew_ingest/__init__.py
  - .agents/skills/content-ingest/scripts/clew_ingest/cli.py
  - .agents/skills/content-ingest/scripts/clew_ingest/engine.py
  - .agents/skills/content-ingest/scripts/clew_ingest/formatters.py
  - .agents/skills/content-ingest/scripts/ingest.py
  - .agents/skills/content-ingest/tests/test_ingest.py
  deployed_file_hashes:
    .agents/skills/content-ingest/.gitignore: sha256:7fdcb14d98b8932bff23fee4229d702aaeef3ab1c421eb7445ce5e8b14262975
    .agents/skills/content-ingest/LICENSE: sha256:b7a717ad2f8f7e75f44a020b52c4b9199f9d7dd99e2e75f533dd28f3e975ac5a
    .agents/skills/content-ingest/SKILL.md: sha256:2701428fdfa5346b6eeea546ed15884136eeb6a864d72c9f07025c4ce65e84ef
    .agents/skills/content-ingest/apm.yml: sha256:27ffc9b63d10f66efe20a00e24bb5dd15d6bbbd1a089692f8f64649c826498fe
    .agents/skills/content-ingest/evals/scenarios.md: sha256:93fb384e99edbf08855ee8fb695e0be23db138468ff1a63d5d33c56113a51f34
    .agents/skills/content-ingest/references/provenance.md: sha256:773a14be16fbd9614fa099d68903dfc696f27d2204b6f3ab86dac0568bea103e
    .agents/skills/content-ingest/references/publishing.md: sha256:65ecc44f2ef1113ed96b9e0dd4f81878f0cc00d14925c8d8069e8b9424546d45
    .agents/skills/content-ingest/references/runtime.md: sha256:f7022c645ddaf85a95d8c9d69acf6050d90502071eed6360519e3f620b190391
    .agents/skills/content-ingest/requirements.txt: sha256:36d066fc171a8bb635852a18ae5a46133178e362b1d659a39a768b8b26be3bed
    .agents/skills/content-ingest/scripts/clew_ingest/__init__.py: sha256:a434c4269aa4d665d301f10ccab1f42c3b88c5e8c00bc1458f37a82fe34f136d
    .agents/skills/content-ingest/scripts/clew_ingest/cli.py: sha256:decf9af0035e6f8673365b0367b61201bdca54cdb106de370771d3dc7ba9610b
    .agents/skills/content-ingest/scripts/clew_ingest/engine.py: sha256:de44bb69066ed28e1991aeac94ab28d427b3d2903d90c23b4bfbb4091bb2607f
    .agents/skills/content-ingest/scripts/clew_ingest/formatters.py: sha256:2fec5d2562079673b639944973d8deed86c9c9c4fe817d627c8e4f16220c9d0c
    .agents/skills/content-ingest/scripts/ingest.py: sha256:37bc3ccaf500ed29712f0885fc27ca2888f8fd4f9021632f768eac12147d28b1
    .agents/skills/content-ingest/tests/test_ingest.py: sha256:bd76b3fa5563b02917a35d391fc5aa89598f91bae1412bc5b7c888d17057b5ee
  content_hash: sha256:46e300e2d4fe4abe564bc22e20d10c044332b7aeda092db4e934dc93ca32b111
  declared_license: MIT
- repo_url: francesco-kruk/clew-skills
  name: course-content
  host: github.com
  resolved_commit: 5ed0f288a6c5c0c0f891939385ddf38fa5b32504
  resolved_ref: 5ed0f288a6c5c0c0f891939385ddf38fa5b32504
  version: 1.0.0
  virtual_path: skills/course-content
  is_virtual: true
  package_type: hybrid
  deployed_files:
  - .agents/skills/course-content
  - .agents/skills/course-content/LICENSE
  - .agents/skills/course-content/SKILL.md
  - .agents/skills/course-content/apm.yml
  - .agents/skills/course-content/evals/evals.json
  - .agents/skills/course-content/references/package-contract.md
  - .agents/skills/course-content/references/structure.md
  - .agents/skills/course-content/requirements.txt
  - .agents/skills/course-content/schemas/catalog.schema.json
  - .agents/skills/course-content/schemas/course-package.schema.json
  - .agents/skills/course-content/scripts/validate_course.py
  - .agents/skills/course-content/tests/fixtures.py
  - .agents/skills/course-content/tests/test_validate_course.py
  deployed_file_hashes:
    .agents/skills/course-content/LICENSE: sha256:b7a717ad2f8f7e75f44a020b52c4b9199f9d7dd99e2e75f533dd28f3e975ac5a
    .agents/skills/course-content/SKILL.md: sha256:d1f639afa115b4d1a1a9f81385af848b863d49f8735955ebcd6d1940415f5ed0
    .agents/skills/course-content/apm.yml: sha256:45a9648acf23664e1e43a1625ec435b55d55dd411a2e9145597121364716d0b5
    .agents/skills/course-content/evals/evals.json: sha256:674c983c83cd43b0f13c66c4bdc0af5ef88f0a6198c15e52f4db9915b1a1843d
    .agents/skills/course-content/references/package-contract.md: sha256:3ead12dd5b8f6d1b0ea024b710767739f18dc55924d12b2e6eb41ba906d21240
    .agents/skills/course-content/references/structure.md: sha256:244307c371a72e71026a12d37a64d7751c521aadda586f963614b8f0e9da1c25
    .agents/skills/course-content/requirements.txt: sha256:195d92b82f91999cc32a0a29cf4f1969d11a2d4dac95317dd6cad57b61e1add0
    .agents/skills/course-content/schemas/catalog.schema.json: sha256:db0cf09df25fe97c5d75d9efecba12b75e091cce76b4d236963a0a173660a1f8
    .agents/skills/course-content/schemas/course-package.schema.json: sha256:2f2bba9c4096d3794587f7feb23088cb445ad46afbed709fdd3f0c14821856db
    .agents/skills/course-content/scripts/validate_course.py: sha256:46e0decd2b2e59b92db09f9010631867f7e8bcd90af73b62460223c1da8ecc00
    .agents/skills/course-content/tests/fixtures.py: sha256:2df844fc477001ec743105b977beff1aade22b8813940d0fb0dbb44ed88fc81b
    .agents/skills/course-content/tests/test_validate_course.py: sha256:669be764218a11b20bbbc6f6162b39b6aca1028ba674be9354c057b7ca1667ae
  content_hash: sha256:409ccde0dd6646121f1613e733afb11071eea2214669e81e53b33daef9208014
  declared_license: MIT
- repo_url: francesco-kruk/clew-skills
  name: digest
  host: github.com
  resolved_commit: 5ed0f288a6c5c0c0f891939385ddf38fa5b32504
  resolved_ref: 5ed0f288a6c5c0c0f891939385ddf38fa5b32504
  version: 1.0.0
  virtual_path: skills/digest
  is_virtual: true
  package_type: hybrid
  deployed_files:
  - .agents/skills/digest
  - .agents/skills/digest/LICENSE
  - .agents/skills/digest/SKILL.md
  - .agents/skills/digest/apm.yml
  - .agents/skills/digest/evals/evals.json
  - .agents/skills/digest/references/quality-and-linking.md
  deployed_file_hashes:
    .agents/skills/digest/LICENSE: sha256:b7a717ad2f8f7e75f44a020b52c4b9199f9d7dd99e2e75f533dd28f3e975ac5a
    .agents/skills/digest/SKILL.md: sha256:2af508d89b5c82e2b9a1635a2fa0e60d28ed494caeef4667af13cc8f930fc138
    .agents/skills/digest/apm.yml: sha256:a5f136d2285f8488bc7902038c3573258e38ea6579f8303f4d638c1ecff509d3
    .agents/skills/digest/evals/evals.json: sha256:e08879c25a8ff6ea614aa817fcd648430c3ff3bdc697852eb0330b8d8cf2558d
    .agents/skills/digest/references/quality-and-linking.md: sha256:b8d383513b7b23f9f0a601b39ca884155d47a356ca1ede19a29c7d8b1258fb29
  content_hash: sha256:06881388f085a870607aefd5530f703138b900d241f31ddc87cc3bd72c3e5f6b
  declared_license: MIT
- repo_url: francesco-kruk/clew-skills
  name: learner-model
  host: github.com
  resolved_commit: 5ed0f288a6c5c0c0f891939385ddf38fa5b32504
  resolved_ref: 5ed0f288a6c5c0c0f891939385ddf38fa5b32504
  version: 1.0.0
  virtual_path: skills/learner-model
  is_virtual: true
  package_type: hybrid
  deployed_files:
  - .agents/skills/learner-model
  - .agents/skills/learner-model/LICENSE
  - .agents/skills/learner-model/SKILL.md
  - .agents/skills/learner-model/apm.yml
  - .agents/skills/learner-model/evals/evals.json
  - .agents/skills/learner-model/references/clarification-gates.md
  - .agents/skills/learner-model/references/learner-model-spec.md
  deployed_file_hashes:
    .agents/skills/learner-model/LICENSE: sha256:b7a717ad2f8f7e75f44a020b52c4b9199f9d7dd99e2e75f533dd28f3e975ac5a
    .agents/skills/learner-model/SKILL.md: sha256:026a9f44f30d0d3c734f379dac03bd75ff9fd444e13528f38f86cb6b8c31a2c2
    .agents/skills/learner-model/apm.yml: sha256:22de1b0435329262304595cfd9f84e3f7f86a86cafdfb4b964e90b799f5c4af9
    .agents/skills/learner-model/evals/evals.json: sha256:67014d9ae778b87f1589210cd36aebddf54ebdb3816757c4859a984705b2b327
    .agents/skills/learner-model/references/clarification-gates.md: sha256:d04b4bb6bfcb36c13b12e58db961a327b21be30a971aaadcf7f9d4f7e83f7951
    .agents/skills/learner-model/references/learner-model-spec.md: sha256:5b3ad8397f0caad97f13ac571899b60f5172e65e9a8b77ce546f7d9d6d103483
  content_hash: sha256:110933476b6d6999cc276ae189df9770f34694a2157bf3578143866ee0975b59
  declared_license: MIT
- repo_url: anthropics/skills
  name: skill-creator
  host: github.com
  resolved_commit: 34040c9c568585f6929bedeaad110ad08f079624
  resolved_ref: 34040c9c568585f6929bedeaad110ad08f079624
  version: unknown
  virtual_path: skills/skill-creator
  is_virtual: true
  depth: 2
  resolved_by: francesco-kruk/clew-skills
  package_type: claude_skill
  deployed_files:
  - .agents/skills/skill-creator
  - .agents/skills/skill-creator/LICENSE.txt
  - .agents/skills/skill-creator/SKILL.md
  - .agents/skills/skill-creator/agents/analyzer.md
  - .agents/skills/skill-creator/agents/comparator.md
  - .agents/skills/skill-creator/agents/grader.md
  - .agents/skills/skill-creator/assets/eval_review.html
  - .agents/skills/skill-creator/eval-viewer/generate_review.py
  - .agents/skills/skill-creator/eval-viewer/viewer.html
  - .agents/skills/skill-creator/references/schemas.md
  - .agents/skills/skill-creator/scripts/__init__.py
  - .agents/skills/skill-creator/scripts/aggregate_benchmark.py
  - .agents/skills/skill-creator/scripts/generate_report.py
  - .agents/skills/skill-creator/scripts/improve_description.py
  - .agents/skills/skill-creator/scripts/package_skill.py
  - .agents/skills/skill-creator/scripts/quick_validate.py
  - .agents/skills/skill-creator/scripts/run_eval.py
  - .agents/skills/skill-creator/scripts/run_loop.py
  - .agents/skills/skill-creator/scripts/utils.py
  deployed_file_hashes:
    .agents/skills/skill-creator/LICENSE.txt: sha256:bc6b3af2f331cbc7fb0da1344efb2cbe5877a31498b4d70dbc7000f3405a1362
    .agents/skills/skill-creator/SKILL.md: sha256:dcd4803e61e913e6fc27294184cd3a71f09f5e924ff20c8a9a20173e7b3c2bcf
    .agents/skills/skill-creator/agents/analyzer.md: sha256:bf68f4cac5a56c673a928c2e6d619586c5b93ea364026ab37547772cb45a663a
    .agents/skills/skill-creator/agents/comparator.md: sha256:fe1fc9787c495d864c5d6eada47396478572325fde1b33a96d78bf4b849b7a3e
    .agents/skills/skill-creator/agents/grader.md: sha256:57134da0c1a4eea33fbd74a1c9c44aa814f07d6bc64de303edb586f941e5d21a
    .agents/skills/skill-creator/assets/eval_review.html: sha256:ce477dcc74dc1c0d1d3352646a79167b5a63634e936b1019160025065974e452
    .agents/skills/skill-creator/eval-viewer/generate_review.py: sha256:fc9d1b9243fe5ab6012ebd579bd76d0035de1b79fd3b969de114defab26478fb
    .agents/skills/skill-creator/eval-viewer/viewer.html: sha256:a53213426ee1100441d701a3a0d49cda7a842f992d2c36463f4d3cc0258575fa
    .agents/skills/skill-creator/references/schemas.md: sha256:8e8876180a8989b406a4d3edddf875b04cdfd5805cc8616686d552b11ce4455f
    .agents/skills/skill-creator/scripts/__init__.py: sha256:e3b0c44298fc1c149afbf4c8996fb92427ae41e4649b934ca495991b7852b855
    .agents/skills/skill-creator/scripts/aggregate_benchmark.py: sha256:123ef128ea5ccc01a4b1ac212ef5567f21e9c13d3d240609780beeb3200c49aa
    .agents/skills/skill-creator/scripts/generate_report.py: sha256:13df7118a3c50c83c4c3250a606d5f2b20b25a3d44cbc392b3d669ec75281453
    .agents/skills/skill-creator/scripts/improve_description.py: sha256:87d864570220b699fac52da309d2d6efdb060647bfebc74f768128e646accf80
    .agents/skills/skill-creator/scripts/package_skill.py: sha256:1a33059b0db1ef73375d46d513e5ea81369d2e8838c970597b0d52ddef8d1c0f
    .agents/skills/skill-creator/scripts/quick_validate.py: sha256:67cf5703402013936c8fb75ad6a1afecd8841d45cc5e606b634eb05825fde365
    .agents/skills/skill-creator/scripts/run_eval.py: sha256:43e3b8f80dbf69c343967ba77e268fae991d9fa3ed68b32a0ff02532cd48657f
    .agents/skills/skill-creator/scripts/run_loop.py: sha256:7bd6f674203168520517eec94c55f493c0d154339b061b4d7c0f0dad187d0f21
    .agents/skills/skill-creator/scripts/utils.py: sha256:3af8ae62c40c73ab712207436a0d9a981e845f25c5a7040229eb189cc8e45bb1
  content_hash: sha256:b2bfe91d69ca99994c0566baede889e7d2b9bb8791c6b6106c5d387392f717f6
- repo_url: github/awesome-copilot
  name: create-architectural-decision-record
  host: github.com
  resolved_commit: fb4eb04fcbd30de50052b1155d81167393dfb5aa
  resolved_ref: fb4eb04fcbd30de50052b1155d81167393dfb5aa
  version: unknown
  virtual_path: skills/create-architectural-decision-record
  is_virtual: true
  depth: 2
  resolved_by: francesco-kruk/clew-skills
  package_type: claude_skill
  deployed_files:
  - .agents/skills/create-architectural-decision-record
  - .agents/skills/create-architectural-decision-record/SKILL.md
  deployed_file_hashes:
    .agents/skills/create-architectural-decision-record/SKILL.md: sha256:c11af0c34fa034e36e622ad97f1194824c3cbbe675a8b17cdc0bedc91b188a72
  content_hash: sha256:5c99e32293271aef0270c279c2af8b62301e29257bf85f2ebf7e810c740b4404
- repo_url: kepano/obsidian-skills
  name: defuddle
  host: github.com
  resolved_commit: 8ccef29ae8624eccc734e77ced4a6e54baf5d83a
  resolved_ref: 8ccef29ae8624eccc734e77ced4a6e54baf5d83a
  version: unknown
  virtual_path: skills/defuddle
  is_virtual: true
  depth: 2
  resolved_by: francesco-kruk/clew-skills
  package_type: claude_skill
  deployed_files:
  - .agents/skills/defuddle
  - .agents/skills/defuddle/SKILL.md
  deployed_file_hashes:
    .agents/skills/defuddle/SKILL.md: sha256:10673a4dc70a0a057612d443243ab7a5aa4abdd4a0fadc3f6eec5fd71ad5a971
  content_hash: sha256:0ed68bc3e818ba0e6b8d192357ea3daaf552a3893f8854e7fd43c06831f91323
- repo_url: kepano/obsidian-skills
  name: json-canvas
  host: github.com
  resolved_commit: 8ccef29ae8624eccc734e77ced4a6e54baf5d83a
  resolved_ref: 8ccef29ae8624eccc734e77ced4a6e54baf5d83a
  version: unknown
  virtual_path: skills/json-canvas
  is_virtual: true
  depth: 2
  resolved_by: francesco-kruk/clew-skills
  package_type: claude_skill
  deployed_files:
  - .agents/skills/json-canvas
  - .agents/skills/json-canvas/SKILL.md
  - .agents/skills/json-canvas/references/EXAMPLES.md
  deployed_file_hashes:
    .agents/skills/json-canvas/SKILL.md: sha256:97d1ae0728955c4203922753d5656890e5e4dd371b8306ea11884f9b510f1b85
    .agents/skills/json-canvas/references/EXAMPLES.md: sha256:f5ce15a4b74643122396265e8c37c828874a4005794de2aee7030662968768eb
  content_hash: sha256:b2296db7a2c7582b96ccdb14815873985250803ed9f626dbc1180821e9bd7691
- repo_url: kepano/obsidian-skills
  name: obsidian-bases
  host: github.com
  resolved_commit: 8ccef29ae8624eccc734e77ced4a6e54baf5d83a
  resolved_ref: 8ccef29ae8624eccc734e77ced4a6e54baf5d83a
  version: unknown
  virtual_path: skills/obsidian-bases
  is_virtual: true
  depth: 2
  resolved_by: francesco-kruk/clew-skills
  package_type: claude_skill
  deployed_files:
  - .agents/skills/obsidian-bases
  - .agents/skills/obsidian-bases/SKILL.md
  - .agents/skills/obsidian-bases/references/FUNCTIONS_REFERENCE.md
  deployed_file_hashes:
    .agents/skills/obsidian-bases/SKILL.md: sha256:c0037f20926c7d8591cdd040365e4c0e4c0c4146386a506f28f241faee9a27d9
    .agents/skills/obsidian-bases/references/FUNCTIONS_REFERENCE.md: sha256:208fd63aead9bca1975626fea52605e6ab9434dc0529d923feb36b18b8877d3b
  content_hash: sha256:c5b65df92f3d8a4509efad8814dc0d5c92d037d4c2024778280a4210f175e061
- repo_url: kepano/obsidian-skills
  name: obsidian-cli
  host: github.com
  resolved_commit: 8ccef29ae8624eccc734e77ced4a6e54baf5d83a
  resolved_ref: 8ccef29ae8624eccc734e77ced4a6e54baf5d83a
  version: unknown
  virtual_path: skills/obsidian-cli
  is_virtual: true
  depth: 2
  resolved_by: francesco-kruk/clew-skills
  package_type: claude_skill
  deployed_files:
  - .agents/skills/obsidian-cli
  - .agents/skills/obsidian-cli/SKILL.md
  deployed_file_hashes:
    .agents/skills/obsidian-cli/SKILL.md: sha256:b54257cdc0e5d04488b35b0c797bfe427b24359f0848d3c73924dcacf8da6358
  content_hash: sha256:f46ae626875f7e47c410c2ee93896c4526024ebe127719e8fb430261b5677edc
- repo_url: kepano/obsidian-skills
  name: obsidian-markdown
  host: github.com
  resolved_commit: 8ccef29ae8624eccc734e77ced4a6e54baf5d83a
  resolved_ref: 8ccef29ae8624eccc734e77ced4a6e54baf5d83a
  version: unknown
  virtual_path: skills/obsidian-markdown
  is_virtual: true
  depth: 2
  resolved_by: francesco-kruk/clew-skills
  package_type: claude_skill
  deployed_files:
  - .agents/skills/obsidian-markdown
  - .agents/skills/obsidian-markdown/SKILL.md
  - .agents/skills/obsidian-markdown/references/CALLOUTS.md
  - .agents/skills/obsidian-markdown/references/EMBEDS.md
  - .agents/skills/obsidian-markdown/references/PROPERTIES.md
  deployed_file_hashes:
    .agents/skills/obsidian-markdown/SKILL.md: sha256:7ad72e1f0a9081ed325e76b6402ad5de50a00e63e2341fd403a92f147234a007
    .agents/skills/obsidian-markdown/references/CALLOUTS.md: sha256:9912ec2e3f8711f65b8ceb82cc19cbffc5e6f8ccf2ab627e18926c522c383d8b
    .agents/skills/obsidian-markdown/references/EMBEDS.md: sha256:63b6205507e28fb58cf200bc348a2b139e50ae739743e2e6316732148973cb7a
    .agents/skills/obsidian-markdown/references/PROPERTIES.md: sha256:392953b5838c3ab3df135b5a914f100ae7b95e4501b6a2e5c8dc63da3ac7558b
  content_hash: sha256:622c48fb0c4642ef3725e782e96a37e645832d674df67f1a9383f3b592c354fe
deployments:
- kind: project-relative
  target: agent-skills
  value: .agents/skills/content-ingest
  runtime: null
  scope: project
  owners:
  - francesco-kruk/clew-skills/skills/content-ingest
  active_owner: francesco-kruk/clew-skills/skills/content-ingest
  content_hash: null
- kind: project-relative
  target: agent-skills
  value: .agents/skills/content-ingest/.gitignore
  runtime: null
  scope: project
  owners:
  - francesco-kruk/clew-skills/skills/content-ingest
  active_owner: francesco-kruk/clew-skills/skills/content-ingest
  content_hash: sha256:7fdcb14d98b8932bff23fee4229d702aaeef3ab1c421eb7445ce5e8b14262975
- kind: project-relative
  target: agent-skills
  value: .agents/skills/content-ingest/LICENSE
  runtime: null
  scope: project
  owners:
  - francesco-kruk/clew-skills/skills/content-ingest
  active_owner: francesco-kruk/clew-skills/skills/content-ingest
  content_hash: sha256:b7a717ad2f8f7e75f44a020b52c4b9199f9d7dd99e2e75f533dd28f3e975ac5a
- kind: project-relative
  target: agent-skills
  value: .agents/skills/content-ingest/SKILL.md
  runtime: null
  scope: project
  owners:
  - francesco-kruk/clew-skills/skills/content-ingest
  active_owner: francesco-kruk/clew-skills/skills/content-ingest
  content_hash: sha256:2701428fdfa5346b6eeea546ed15884136eeb6a864d72c9f07025c4ce65e84ef
- kind: project-relative
  target: agent-skills
  value: .agents/skills/content-ingest/apm.yml
  runtime: null
  scope: project
  owners:
  - francesco-kruk/clew-skills/skills/content-ingest
  active_owner: francesco-kruk/clew-skills/skills/content-ingest
  content_hash: sha256:27ffc9b63d10f66efe20a00e24bb5dd15d6bbbd1a089692f8f64649c826498fe
- kind: project-relative
  target: agent-skills
  value: .agents/skills/content-ingest/evals/scenarios.md
  runtime: null
  scope: project
  owners:
  - francesco-kruk/clew-skills/skills/content-ingest
  active_owner: francesco-kruk/clew-skills/skills/content-ingest
  content_hash: sha256:93fb384e99edbf08855ee8fb695e0be23db138468ff1a63d5d33c56113a51f34
- kind: project-relative
  target: agent-skills
  value: .agents/skills/content-ingest/references/provenance.md
  runtime: null
  scope: project
  owners:
  - francesco-kruk/clew-skills/skills/content-ingest
  active_owner: francesco-kruk/clew-skills/skills/content-ingest
  content_hash: sha256:773a14be16fbd9614fa099d68903dfc696f27d2204b6f3ab86dac0568bea103e
- kind: project-relative
  target: agent-skills
  value: .agents/skills/content-ingest/references/publishing.md
  runtime: null
  scope: project
  owners:
  - francesco-kruk/clew-skills/skills/content-ingest
  active_owner: francesco-kruk/clew-skills/skills/content-ingest
  content_hash: sha256:65ecc44f2ef1113ed96b9e0dd4f81878f0cc00d14925c8d8069e8b9424546d45
- kind: project-relative
  target: agent-skills
  value: .agents/skills/content-ingest/references/runtime.md
  runtime: null
  scope: project
  owners:
  - francesco-kruk/clew-skills/skills/content-ingest
  active_owner: francesco-kruk/clew-skills/skills/content-ingest
  content_hash: sha256:f7022c645ddaf85a95d8c9d69acf6050d90502071eed6360519e3f620b190391
- kind: project-relative
  target: agent-skills
  value: .agents/skills/content-ingest/requirements.txt
  runtime: null
  scope: project
  owners:
  - francesco-kruk/clew-skills/skills/content-ingest
  active_owner: francesco-kruk/clew-skills/skills/content-ingest
  content_hash: sha256:36d066fc171a8bb635852a18ae5a46133178e362b1d659a39a768b8b26be3bed
- kind: project-relative
  target: agent-skills
  value: .agents/skills/content-ingest/scripts/clew_ingest/__init__.py
  runtime: null
  scope: project
  owners:
  - francesco-kruk/clew-skills/skills/content-ingest
  active_owner: francesco-kruk/clew-skills/skills/content-ingest
  content_hash: sha256:a434c4269aa4d665d301f10ccab1f42c3b88c5e8c00bc1458f37a82fe34f136d
- kind: project-relative
  target: agent-skills
  value: .agents/skills/content-ingest/scripts/clew_ingest/cli.py
  runtime: null
  scope: project
  owners:
  - francesco-kruk/clew-skills/skills/content-ingest
  active_owner: francesco-kruk/clew-skills/skills/content-ingest
  content_hash: sha256:decf9af0035e6f8673365b0367b61201bdca54cdb106de370771d3dc7ba9610b
- kind: project-relative
  target: agent-skills
  value: .agents/skills/content-ingest/scripts/clew_ingest/engine.py
  runtime: null
  scope: project
  owners:
  - francesco-kruk/clew-skills/skills/content-ingest
  active_owner: francesco-kruk/clew-skills/skills/content-ingest
  content_hash: sha256:de44bb69066ed28e1991aeac94ab28d427b3d2903d90c23b4bfbb4091bb2607f
- kind: project-relative
  target: agent-skills
  value: .agents/skills/content-ingest/scripts/clew_ingest/formatters.py
  runtime: null
  scope: project
  owners:
  - francesco-kruk/clew-skills/skills/content-ingest
  active_owner: francesco-kruk/clew-skills/skills/content-ingest
  content_hash: sha256:2fec5d2562079673b639944973d8deed86c9c9c4fe817d627c8e4f16220c9d0c
- kind: project-relative
  target: agent-skills
  value: .agents/skills/content-ingest/scripts/ingest.py
  runtime: null
  scope: project
  owners:
  - francesco-kruk/clew-skills/skills/content-ingest
  active_owner: francesco-kruk/clew-skills/skills/content-ingest
  content_hash: sha256:37bc3ccaf500ed29712f0885fc27ca2888f8fd4f9021632f768eac12147d28b1
- kind: project-relative
  target: agent-skills
  value: .agents/skills/content-ingest/tests/test_ingest.py
  runtime: null
  scope: project
  owners:
  - francesco-kruk/clew-skills/skills/content-ingest
  active_owner: francesco-kruk/clew-skills/skills/content-ingest
  content_hash: sha256:bd76b3fa5563b02917a35d391fc5aa89598f91bae1412bc5b7c888d17057b5ee
- kind: project-relative
  target: agent-skills
  value: .agents/skills/course-content
  runtime: null
  scope: project
  owners:
  - francesco-kruk/clew-skills/skills/course-content
  active_owner: francesco-kruk/clew-skills/skills/course-content
  content_hash: null
- kind: project-relative
  target: agent-skills
  value: .agents/skills/course-content/LICENSE
  runtime: null
  scope: project
  owners:
  - francesco-kruk/clew-skills/skills/course-content
  active_owner: francesco-kruk/clew-skills/skills/course-content
  content_hash: sha256:b7a717ad2f8f7e75f44a020b52c4b9199f9d7dd99e2e75f533dd28f3e975ac5a
- kind: project-relative
  target: agent-skills
  value: .agents/skills/course-content/SKILL.md
  runtime: null
  scope: project
  owners:
  - francesco-kruk/clew-skills/skills/course-content
  active_owner: francesco-kruk/clew-skills/skills/course-content
  content_hash: sha256:d1f639afa115b4d1a1a9f81385af848b863d49f8735955ebcd6d1940415f5ed0
- kind: project-relative
  target: agent-skills
  value: .agents/skills/course-content/apm.yml
  runtime: null
  scope: project
  owners:
  - francesco-kruk/clew-skills/skills/course-content
  active_owner: francesco-kruk/clew-skills/skills/course-content
  content_hash: sha256:45a9648acf23664e1e43a1625ec435b55d55dd411a2e9145597121364716d0b5
- kind: project-relative
  target: agent-skills
  value: .agents/skills/course-content/evals/evals.json
  runtime: null
  scope: project
  owners:
  - francesco-kruk/clew-skills/skills/course-content
  active_owner: francesco-kruk/clew-skills/skills/course-content
  content_hash: sha256:674c983c83cd43b0f13c66c4bdc0af5ef88f0a6198c15e52f4db9915b1a1843d
- kind: project-relative
  target: agent-skills
  value: .agents/skills/course-content/references/package-contract.md
  runtime: null
  scope: project
  owners:
  - francesco-kruk/clew-skills/skills/course-content
  active_owner: francesco-kruk/clew-skills/skills/course-content
  content_hash: sha256:3ead12dd5b8f6d1b0ea024b710767739f18dc55924d12b2e6eb41ba906d21240
- kind: project-relative
  target: agent-skills
  value: .agents/skills/course-content/references/structure.md
  runtime: null
  scope: project
  owners:
  - francesco-kruk/clew-skills/skills/course-content
  active_owner: francesco-kruk/clew-skills/skills/course-content
  content_hash: sha256:244307c371a72e71026a12d37a64d7751c521aadda586f963614b8f0e9da1c25
- kind: project-relative
  target: agent-skills
  value: .agents/skills/course-content/requirements.txt
  runtime: null
  scope: project
  owners:
  - francesco-kruk/clew-skills/skills/course-content
  active_owner: francesco-kruk/clew-skills/skills/course-content
  content_hash: sha256:195d92b82f91999cc32a0a29cf4f1969d11a2d4dac95317dd6cad57b61e1add0
- kind: project-relative
  target: agent-skills
  value: .agents/skills/course-content/schemas/catalog.schema.json
  runtime: null
  scope: project
  owners:
  - francesco-kruk/clew-skills/skills/course-content
  active_owner: francesco-kruk/clew-skills/skills/course-content
  content_hash: sha256:db0cf09df25fe97c5d75d9efecba12b75e091cce76b4d236963a0a173660a1f8
- kind: project-relative
  target: agent-skills
  value: .agents/skills/course-content/schemas/course-package.schema.json
  runtime: null
  scope: project
  owners:
  - francesco-kruk/clew-skills/skills/course-content
  active_owner: francesco-kruk/clew-skills/skills/course-content
  content_hash: sha256:2f2bba9c4096d3794587f7feb23088cb445ad46afbed709fdd3f0c14821856db
- kind: project-relative
  target: agent-skills
  value: .agents/skills/course-content/scripts/validate_course.py
  runtime: null
  scope: project
  owners:
  - francesco-kruk/clew-skills/skills/course-content
  active_owner: francesco-kruk/clew-skills/skills/course-content
  content_hash: sha256:46e0decd2b2e59b92db09f9010631867f7e8bcd90af73b62460223c1da8ecc00
- kind: project-relative
  target: agent-skills
  value: .agents/skills/course-content/tests/fixtures.py
  runtime: null
  scope: project
  owners:
  - francesco-kruk/clew-skills/skills/course-content
  active_owner: francesco-kruk/clew-skills/skills/course-content
  content_hash: sha256:2df844fc477001ec743105b977beff1aade22b8813940d0fb0dbb44ed88fc81b
- kind: project-relative
  target: agent-skills
  value: .agents/skills/course-content/tests/test_validate_course.py
  runtime: null
  scope: project
  owners:
  - francesco-kruk/clew-skills/skills/course-content
  active_owner: francesco-kruk/clew-skills/skills/course-content
  content_hash: sha256:669be764218a11b20bbbc6f6162b39b6aca1028ba674be9354c057b7ca1667ae
- kind: project-relative
  target: agent-skills
  value: .agents/skills/create-architectural-decision-record
  runtime: null
  scope: project
  owners:
  - github/awesome-copilot/skills/create-architectural-decision-record
  active_owner: github/awesome-copilot/skills/create-architectural-decision-record
  content_hash: null
- kind: project-relative
  target: agent-skills
  value: .agents/skills/create-architectural-decision-record/SKILL.md
  runtime: null
  scope: project
  owners:
  - github/awesome-copilot/skills/create-architectural-decision-record
  active_owner: github/awesome-copilot/skills/create-architectural-decision-record
  content_hash: sha256:c11af0c34fa034e36e622ad97f1194824c3cbbe675a8b17cdc0bedc91b188a72
- kind: project-relative
  target: agent-skills
  value: .agents/skills/defuddle
  runtime: null
  scope: project
  owners:
  - kepano/obsidian-skills/skills/defuddle
  active_owner: kepano/obsidian-skills/skills/defuddle
  content_hash: null
- kind: project-relative
  target: agent-skills
  value: .agents/skills/defuddle/SKILL.md
  runtime: null
  scope: project
  owners:
  - kepano/obsidian-skills/skills/defuddle
  active_owner: kepano/obsidian-skills/skills/defuddle
  content_hash: sha256:10673a4dc70a0a057612d443243ab7a5aa4abdd4a0fadc3f6eec5fd71ad5a971
- kind: project-relative
  target: agent-skills
  value: .agents/skills/digest
  runtime: null
  scope: project
  owners:
  - francesco-kruk/clew-skills/skills/digest
  active_owner: francesco-kruk/clew-skills/skills/digest
  content_hash: null
- kind: project-relative
  target: agent-skills
  value: .agents/skills/digest/LICENSE
  runtime: null
  scope: project
  owners:
  - francesco-kruk/clew-skills/skills/digest
  active_owner: francesco-kruk/clew-skills/skills/digest
  content_hash: sha256:b7a717ad2f8f7e75f44a020b52c4b9199f9d7dd99e2e75f533dd28f3e975ac5a
- kind: project-relative
  target: agent-skills
  value: .agents/skills/digest/SKILL.md
  runtime: null
  scope: project
  owners:
  - francesco-kruk/clew-skills/skills/digest
  active_owner: francesco-kruk/clew-skills/skills/digest
  content_hash: sha256:2af508d89b5c82e2b9a1635a2fa0e60d28ed494caeef4667af13cc8f930fc138
- kind: project-relative
  target: agent-skills
  value: .agents/skills/digest/apm.yml
  runtime: null
  scope: project
  owners:
  - francesco-kruk/clew-skills/skills/digest
  active_owner: francesco-kruk/clew-skills/skills/digest
  content_hash: sha256:a5f136d2285f8488bc7902038c3573258e38ea6579f8303f4d638c1ecff509d3
- kind: project-relative
  target: agent-skills
  value: .agents/skills/digest/evals/evals.json
  runtime: null
  scope: project
  owners:
  - francesco-kruk/clew-skills/skills/digest
  active_owner: francesco-kruk/clew-skills/skills/digest
  content_hash: sha256:e08879c25a8ff6ea614aa817fcd648430c3ff3bdc697852eb0330b8d8cf2558d
- kind: project-relative
  target: agent-skills
  value: .agents/skills/digest/references/quality-and-linking.md
  runtime: null
  scope: project
  owners:
  - francesco-kruk/clew-skills/skills/digest
  active_owner: francesco-kruk/clew-skills/skills/digest
  content_hash: sha256:b8d383513b7b23f9f0a601b39ca884155d47a356ca1ede19a29c7d8b1258fb29
- kind: project-relative
  target: agent-skills
  value: .agents/skills/json-canvas
  runtime: null
  scope: project
  owners:
  - kepano/obsidian-skills/skills/json-canvas
  active_owner: kepano/obsidian-skills/skills/json-canvas
  content_hash: null
- kind: project-relative
  target: agent-skills
  value: .agents/skills/json-canvas/SKILL.md
  runtime: null
  scope: project
  owners:
  - kepano/obsidian-skills/skills/json-canvas
  active_owner: kepano/obsidian-skills/skills/json-canvas
  content_hash: sha256:97d1ae0728955c4203922753d5656890e5e4dd371b8306ea11884f9b510f1b85
- kind: project-relative
  target: agent-skills
  value: .agents/skills/json-canvas/references/EXAMPLES.md
  runtime: null
  scope: project
  owners:
  - kepano/obsidian-skills/skills/json-canvas
  active_owner: kepano/obsidian-skills/skills/json-canvas
  content_hash: sha256:f5ce15a4b74643122396265e8c37c828874a4005794de2aee7030662968768eb
- kind: project-relative
  target: agent-skills
  value: .agents/skills/learner-model
  runtime: null
  scope: project
  owners:
  - francesco-kruk/clew-skills/skills/learner-model
  active_owner: francesco-kruk/clew-skills/skills/learner-model
  content_hash: null
- kind: project-relative
  target: agent-skills
  value: .agents/skills/learner-model/LICENSE
  runtime: null
  scope: project
  owners:
  - francesco-kruk/clew-skills/skills/learner-model
  active_owner: francesco-kruk/clew-skills/skills/learner-model
  content_hash: sha256:b7a717ad2f8f7e75f44a020b52c4b9199f9d7dd99e2e75f533dd28f3e975ac5a
- kind: project-relative
  target: agent-skills
  value: .agents/skills/learner-model/SKILL.md
  runtime: null
  scope: project
  owners:
  - francesco-kruk/clew-skills/skills/learner-model
  active_owner: francesco-kruk/clew-skills/skills/learner-model
  content_hash: sha256:026a9f44f30d0d3c734f379dac03bd75ff9fd444e13528f38f86cb6b8c31a2c2
- kind: project-relative
  target: agent-skills
  value: .agents/skills/learner-model/apm.yml
  runtime: null
  scope: project
  owners:
  - francesco-kruk/clew-skills/skills/learner-model
  active_owner: francesco-kruk/clew-skills/skills/learner-model
  content_hash: sha256:22de1b0435329262304595cfd9f84e3f7f86a86cafdfb4b964e90b799f5c4af9
- kind: project-relative
  target: agent-skills
  value: .agents/skills/learner-model/evals/evals.json
  runtime: null
  scope: project
  owners:
  - francesco-kruk/clew-skills/skills/learner-model
  active_owner: francesco-kruk/clew-skills/skills/learner-model
  content_hash: sha256:67014d9ae778b87f1589210cd36aebddf54ebdb3816757c4859a984705b2b327
- kind: project-relative
  target: agent-skills
  value: .agents/skills/learner-model/references/clarification-gates.md
  runtime: null
  scope: project
  owners:
  - francesco-kruk/clew-skills/skills/learner-model
  active_owner: francesco-kruk/clew-skills/skills/learner-model
  content_hash: sha256:d04b4bb6bfcb36c13b12e58db961a327b21be30a971aaadcf7f9d4f7e83f7951
- kind: project-relative
  target: agent-skills
  value: .agents/skills/learner-model/references/learner-model-spec.md
  runtime: null
  scope: project
  owners:
  - francesco-kruk/clew-skills/skills/learner-model
  active_owner: francesco-kruk/clew-skills/skills/learner-model
  content_hash: sha256:5b3ad8397f0caad97f13ac571899b60f5172e65e9a8b77ce546f7d9d6d103483
- kind: project-relative
  target: agent-skills
  value: .agents/skills/obsidian-bases
  runtime: null
  scope: project
  owners:
  - kepano/obsidian-skills/skills/obsidian-bases
  active_owner: kepano/obsidian-skills/skills/obsidian-bases
  content_hash: null
- kind: project-relative
  target: agent-skills
  value: .agents/skills/obsidian-bases/SKILL.md
  runtime: null
  scope: project
  owners:
  - kepano/obsidian-skills/skills/obsidian-bases
  active_owner: kepano/obsidian-skills/skills/obsidian-bases
  content_hash: sha256:c0037f20926c7d8591cdd040365e4c0e4c0c4146386a506f28f241faee9a27d9
- kind: project-relative
  target: agent-skills
  value: .agents/skills/obsidian-bases/references/FUNCTIONS_REFERENCE.md
  runtime: null
  scope: project
  owners:
  - kepano/obsidian-skills/skills/obsidian-bases
  active_owner: kepano/obsidian-skills/skills/obsidian-bases
  content_hash: sha256:208fd63aead9bca1975626fea52605e6ab9434dc0529d923feb36b18b8877d3b
- kind: project-relative
  target: agent-skills
  value: .agents/skills/obsidian-cli
  runtime: null
  scope: project
  owners:
  - kepano/obsidian-skills/skills/obsidian-cli
  active_owner: kepano/obsidian-skills/skills/obsidian-cli
  content_hash: null
- kind: project-relative
  target: agent-skills
  value: .agents/skills/obsidian-cli/SKILL.md
  runtime: null
  scope: project
  owners:
  - kepano/obsidian-skills/skills/obsidian-cli
  active_owner: kepano/obsidian-skills/skills/obsidian-cli
  content_hash: sha256:b54257cdc0e5d04488b35b0c797bfe427b24359f0848d3c73924dcacf8da6358
- kind: project-relative
  target: agent-skills
  value: .agents/skills/obsidian-markdown
  runtime: null
  scope: project
  owners:
  - kepano/obsidian-skills/skills/obsidian-markdown
  active_owner: kepano/obsidian-skills/skills/obsidian-markdown
  content_hash: null
- kind: project-relative
  target: agent-skills
  value: .agents/skills/obsidian-markdown/SKILL.md
  runtime: null
  scope: project
  owners:
  - kepano/obsidian-skills/skills/obsidian-markdown
  active_owner: kepano/obsidian-skills/skills/obsidian-markdown
  content_hash: sha256:7ad72e1f0a9081ed325e76b6402ad5de50a00e63e2341fd403a92f147234a007
- kind: project-relative
  target: agent-skills
  value: .agents/skills/obsidian-markdown/references/CALLOUTS.md
  runtime: null
  scope: project
  owners:
  - kepano/obsidian-skills/skills/obsidian-markdown
  active_owner: kepano/obsidian-skills/skills/obsidian-markdown
  content_hash: sha256:9912ec2e3f8711f65b8ceb82cc19cbffc5e6f8ccf2ab627e18926c522c383d8b
- kind: project-relative
  target: agent-skills
  value: .agents/skills/obsidian-markdown/references/EMBEDS.md
  runtime: null
  scope: project
  owners:
  - kepano/obsidian-skills/skills/obsidian-markdown
  active_owner: kepano/obsidian-skills/skills/obsidian-markdown
  content_hash: sha256:63b6205507e28fb58cf200bc348a2b139e50ae739743e2e6316732148973cb7a
- kind: project-relative
  target: agent-skills
  value: .agents/skills/obsidian-markdown/references/PROPERTIES.md
  runtime: null
  scope: project
  owners:
  - kepano/obsidian-skills/skills/obsidian-markdown
  active_owner: kepano/obsidian-skills/skills/obsidian-markdown
  content_hash: sha256:392953b5838c3ab3df135b5a914f100ae7b95e4501b6a2e5c8dc63da3ac7558b
- kind: project-relative
  target: agent-skills
  value: .agents/skills/skill-creator
  runtime: null
  scope: project
  owners:
  - anthropics/skills/skills/skill-creator
  active_owner: anthropics/skills/skills/skill-creator
  content_hash: null
- kind: project-relative
  target: agent-skills
  value: .agents/skills/skill-creator/LICENSE.txt
  runtime: null
  scope: project
  owners:
  - anthropics/skills/skills/skill-creator
  active_owner: anthropics/skills/skills/skill-creator
  content_hash: sha256:bc6b3af2f331cbc7fb0da1344efb2cbe5877a31498b4d70dbc7000f3405a1362
- kind: project-relative
  target: agent-skills
  value: .agents/skills/skill-creator/SKILL.md
  runtime: null
  scope: project
  owners:
  - anthropics/skills/skills/skill-creator
  active_owner: anthropics/skills/skills/skill-creator
  content_hash: sha256:dcd4803e61e913e6fc27294184cd3a71f09f5e924ff20c8a9a20173e7b3c2bcf
- kind: project-relative
  target: agent-skills
  value: .agents/skills/skill-creator/agents/analyzer.md
  runtime: null
  scope: project
  owners:
  - anthropics/skills/skills/skill-creator
  active_owner: anthropics/skills/skills/skill-creator
  content_hash: sha256:bf68f4cac5a56c673a928c2e6d619586c5b93ea364026ab37547772cb45a663a
- kind: project-relative
  target: agent-skills
  value: .agents/skills/skill-creator/agents/comparator.md
  runtime: null
  scope: project
  owners:
  - anthropics/skills/skills/skill-creator
  active_owner: anthropics/skills/skills/skill-creator
  content_hash: sha256:fe1fc9787c495d864c5d6eada47396478572325fde1b33a96d78bf4b849b7a3e
- kind: project-relative
  target: agent-skills
  value: .agents/skills/skill-creator/agents/grader.md
  runtime: null
  scope: project
  owners:
  - anthropics/skills/skills/skill-creator
  active_owner: anthropics/skills/skills/skill-creator
  content_hash: sha256:57134da0c1a4eea33fbd74a1c9c44aa814f07d6bc64de303edb586f941e5d21a
- kind: project-relative
  target: agent-skills
  value: .agents/skills/skill-creator/assets/eval_review.html
  runtime: null
  scope: project
  owners:
  - anthropics/skills/skills/skill-creator
  active_owner: anthropics/skills/skills/skill-creator
  content_hash: sha256:ce477dcc74dc1c0d1d3352646a79167b5a63634e936b1019160025065974e452
- kind: project-relative
  target: agent-skills
  value: .agents/skills/skill-creator/eval-viewer/generate_review.py
  runtime: null
  scope: project
  owners:
  - anthropics/skills/skills/skill-creator
  active_owner: anthropics/skills/skills/skill-creator
  content_hash: sha256:fc9d1b9243fe5ab6012ebd579bd76d0035de1b79fd3b969de114defab26478fb
- kind: project-relative
  target: agent-skills
  value: .agents/skills/skill-creator/eval-viewer/viewer.html
  runtime: null
  scope: project
  owners:
  - anthropics/skills/skills/skill-creator
  active_owner: anthropics/skills/skills/skill-creator
  content_hash: sha256:a53213426ee1100441d701a3a0d49cda7a842f992d2c36463f4d3cc0258575fa
- kind: project-relative
  target: agent-skills
  value: .agents/skills/skill-creator/references/schemas.md
  runtime: null
  scope: project
  owners:
  - anthropics/skills/skills/skill-creator
  active_owner: anthropics/skills/skills/skill-creator
  content_hash: sha256:8e8876180a8989b406a4d3edddf875b04cdfd5805cc8616686d552b11ce4455f
- kind: project-relative
  target: agent-skills
  value: .agents/skills/skill-creator/scripts/__init__.py
  runtime: null
  scope: project
  owners:
  - anthropics/skills/skills/skill-creator
  active_owner: anthropics/skills/skills/skill-creator
  content_hash: sha256:e3b0c44298fc1c149afbf4c8996fb92427ae41e4649b934ca495991b7852b855
- kind: project-relative
  target: agent-skills
  value: .agents/skills/skill-creator/scripts/aggregate_benchmark.py
  runtime: null
  scope: project
  owners:
  - anthropics/skills/skills/skill-creator
  active_owner: anthropics/skills/skills/skill-creator
  content_hash: sha256:123ef128ea5ccc01a4b1ac212ef5567f21e9c13d3d240609780beeb3200c49aa
- kind: project-relative
  target: agent-skills
  value: .agents/skills/skill-creator/scripts/generate_report.py
  runtime: null
  scope: project
  owners:
  - anthropics/skills/skills/skill-creator
  active_owner: anthropics/skills/skills/skill-creator
  content_hash: sha256:13df7118a3c50c83c4c3250a606d5f2b20b25a3d44cbc392b3d669ec75281453
- kind: project-relative
  target: agent-skills
  value: .agents/skills/skill-creator/scripts/improve_description.py
  runtime: null
  scope: project
  owners:
  - anthropics/skills/skills/skill-creator
  active_owner: anthropics/skills/skills/skill-creator
  content_hash: sha256:87d864570220b699fac52da309d2d6efdb060647bfebc74f768128e646accf80
- kind: project-relative
  target: agent-skills
  value: .agents/skills/skill-creator/scripts/package_skill.py
  runtime: null
  scope: project
  owners:
  - anthropics/skills/skills/skill-creator
  active_owner: anthropics/skills/skills/skill-creator
  content_hash: sha256:1a33059b0db1ef73375d46d513e5ea81369d2e8838c970597b0d52ddef8d1c0f
- kind: project-relative
  target: agent-skills
  value: .agents/skills/skill-creator/scripts/quick_validate.py
  runtime: null
  scope: project
  owners:
  - anthropics/skills/skills/skill-creator
  active_owner: anthropics/skills/skills/skill-creator
  content_hash: sha256:67cf5703402013936c8fb75ad6a1afecd8841d45cc5e606b634eb05825fde365
- kind: project-relative
  target: agent-skills
  value: .agents/skills/skill-creator/scripts/run_eval.py
  runtime: null
  scope: project
  owners:
  - anthropics/skills/skills/skill-creator
  active_owner: anthropics/skills/skills/skill-creator
  content_hash: sha256:43e3b8f80dbf69c343967ba77e268fae991d9fa3ed68b32a0ff02532cd48657f
- kind: project-relative
  target: agent-skills
  value: .agents/skills/skill-creator/scripts/run_loop.py
  runtime: null
  scope: project
  owners:
  - anthropics/skills/skills/skill-creator
  active_owner: anthropics/skills/skills/skill-creator
  content_hash: sha256:7bd6f674203168520517eec94c55f493c0d154339b061b4d7c0f0dad187d0f21
- kind: project-relative
  target: agent-skills
  value: .agents/skills/skill-creator/scripts/utils.py
  runtime: null
  scope: project
  owners:
  - anthropics/skills/skills/skill-creator
  active_owner: anthropics/skills/skills/skill-creator
  content_hash: sha256:3af8ae62c40c73ab712207436a0d9a981e845f25c5a7040229eb189cc8e45bb1
